
Microsoft Visual Studio Solution File, Format Version 12.00
# Visual Studio Version 17
VisualStudioVersion = 17.4.33205.214
MinimumVisualStudioVersion = 10.0.40219.1
Project("{FAE04EC0-301F-11D3-BF4B-00C04F79EFBC}") = "formularioBase", "formularioBase\formularioBase.csproj", "{370DA303-87C1-4E19-BD32-AE98925323CA}"
EndProject
Global
	GlobalSection(SolutionConfigurationPlatforms) = preSolution
		Debug|Any CPU = Debug|Any CPU
		Release|Any CPU = Release|Any CPU
	EndGlobalSection
	GlobalSection(ProjectConfigurationPlatforms) = postSolution
		{370DA303-87C1-4E19-BD32-AE98925323CA}.Debug|Any CPU.ActiveCfg = Debug|Any CPU
		{370DA303-87C1-4E19-BD32-AE98925323CA}.Debug|Any CPU.Build.0 = Debug|Any CPU
		{370DA303-87C1-4E19-BD32-AE98925323CA}.Release|Any CPU.ActiveCfg = Release|Any CPU
		{370DA303-87C1-4E19-BD32-AE98925323CA}.Release|Any CPU.Build.0 = Release|Any CPU
	EndGlobalSection
	GlobalSection(SolutionProperties) = preSolution
		HideSolutionNode = FALSE
	EndGlobalSection
	GlobalSection(ExtensibilityGlobals) = postSolution
		SolutionGuid = {91D4EDE1-C351-4820-B3C5-A623C6566D1D}
	EndGlobalSection
EndGlobal
